version: 1
locked_at: 2026-09-04T17:40:12.178986089Z
bundles:
    https://github.com/ctxloom/ctxloom-default@bundles/ai-coding-general:
        sha: 9be02e221ef972566de38b3eff4a4a96f3f9cc79
        url: https://github.com/ctxloom/ctxloom-default
        kind: branch
        fetched_at: 0001-01-01T00:00:00Z
    https://github.com/ctxloom/ctxloom-default@bundles/ai-developer:
        sha: 9be02e221ef972566de38b3eff4a4a96f3f9cc79
        url: https://github.com/ctxloom/ctxloom-default
        requested_version: branch:main
        kind: branch
        fetched_at: 0001-01-01T00:00:00Z
    https://github.com/ctxloom/ctxloom-default@bundles/git:
        sha: 9be02e221ef972566de38b3eff4a4a96f3f9cc79
        url: https://github.com/ctxloom/ctxloom-default
        kind: branch
        fetched_at: 0001-01-01T00:00:00Z
    https://github.com/ctxloom/ctxloom-default@bundles/testing:
        sha: 9be02e221ef972566de38b3eff4a4a96f3f9cc79
        url: https://github.com/ctxloom/ctxloom-default
        kind: branch
        fetched_at: 0001-01-01T00:00:00Z
